{
  "name": "praxis-build",
  "version": "1.0.0",
  "lockfileVersion": 3,
  "requires": true,
  "packages": {
    "": {
      "name": "praxis-build",
      "version": "1.0.0",
      "license": "ISC",
      "dependencies": {
        "isncsci-ui": "^1.0.38"
      }
    },
    "node_modules/isncsci": {
      "version": "2.0.6",
      "resolved": "https://registry.npmjs.org/isncsci/-/isncsci-2.0.6.tgz",
      "integrity": "sha512-h8/T08yJdbouRKlP1rLo1QUJsHlfr6QjQp31K7Jo1+jOEhD+IdjiJ1yjDY9Jx3xKTFN1tLN2N+eEGdhluETFjg==",
      "license": "Apache-2.0"
    },
    "node_modules/isncsci-ui": {
      "version": "1.0.38",
      "resolved": "git+ssh://git@github.com/praxis-isncsci/ui.git#5e26de242e5dbdead642fdb3469ccb43a6d30fc1",
      "license": "Apache-2.0",
      "dependencies": {
        "isncsci": "^2.0.6"
      }
    }
  }
}
